
((digest . "9298c415e0bdcc41c507b95f09774e65") (undo-list nil ("   " . 17038) ((marker) . -3) (t 21927 9355 0 0) nil (17037 . 17041) nil (17028 . 17029) nil (" " . 17028) nil ("-" . 17028) nil ("-" . 17015) nil (17029 . 17039) nil (17028 . 17029) nil (17015 . 17028) nil (17014 . 17015) (t 21927 6107 0 0)))
